
Microsoft Visual Studio Solution File, Format Version 12.00
# Visual Studio 14
VisualStudioVersion = 14.0.24720.0
MinimumVisualStudioVersion = 10.0.40219.1
Project("{FAE04EC0-301F-11D3-BF4B-00C04F79EFBC}") = "OY.Theory.Shared", "OY.Theory.Shared\OY.Theory.Shared.csproj", "{492A0108-3341-4221-9C91-397078634D56}"
EndProject
Project("{FAE04EC0-301F-11D3-BF4B-00C04F79EFBC}") = "OY.Theory.Graph", "OY.Theory.Graph\OY.Theory.Graph.csproj", "{99B028D6-663E-4A5F-B31C-9D23071B739A}"
EndProject
Project("{FAE04EC0-301F-11D3-BF4B-00C04F79EFBC}") = "OY.Theory.SimplicialComplex", "OY.Theory.SimplicialComplex\OY.Theory.SimplicialComplex.csproj", "{157239F8-9F61-4A06-A784-C69557F03B31}"
EndProject
Project("{FAE04EC0-301F-11D3-BF4B-00C04F79EFBC}") = "OY.Theory.Combinatorics", "OY.Theory.Combinatorics\OY.Theory.Combinatorics.csproj", "{99635C04-4FAC-4A59-91FF-6E09E9837E77}"
EndProject
Project("{FAE04EC0-301F-11D3-BF4B-00C04F79EFBC}") = "OY.Theory.DataStructures", "OY.Theory.DataStructures\OY.Theory.DataStructures.csproj", "{34350F20-E78C-4018-9F48-0DA83B56BDBA}"
EndProject
Project("{2150E333-8FDC-42A3-9474-1A3956D46DE8}") = "Tests", "Tests", "{2009B99D-C730-4B25-A0F2-D1E112D21C1A}"
EndProject
Project("{FAE04EC0-301F-11D3-BF4B-00C04F79EFBC}") = "OY.Theory.DataStructures.Tests", "Tests\OY.Theory.DataStructures.Tests\OY.Theory.DataStructures.Tests.csproj", "{AE9DF492-13AD-4A54-B8EE-4C6B000D0571}"
EndProject
Project("{FAE04EC0-301F-11D3-BF4B-00C04F79EFBC}") = "OY.Theory.NumberTheory", "OY.Theory.NumberTheory\OY.Theory.NumberTheory.csproj", "{9841F789-CFAE-4712-B808-27B6E1AE518E}"
EndProject
Project("{FAE04EC0-301F-11D3-BF4B-00C04F79EFBC}") = "OY.Theory.NumberTheory.Tests", "OY.Theory.NumberTheory.Tests\OY.Theory.NumberTheory.Tests.csproj", "{A82E2C10-A02E-4144-BAFA-7C98EAE06929}"
EndProject
Project("{FAE04EC0-301F-11D3-BF4B-00C04F79EFBC}") = "OY.Theory.Misc", "OY.Theory.Misc\OY.Theory.Misc.csproj", "{037F47A8-005A-4E2C-895D-8AA31F466C61}"
EndProject
Project("{2150E333-8FDC-42A3-9474-1A3956D46DE8}") = "Utilities", "Utilities", "{AC52DAAA-0004-4EC7-898B-66AD2865C546}"
EndProject
Project("{FAE04EC0-301F-11D3-BF4B-00C04F79EFBC}") = "InversionCounter", "InversionCounter\InversionCounter.csproj", "{FD567D98-B112-4695-892F-44E7177408AF}"
EndProject
Project("{FAE04EC0-301F-11D3-BF4B-00C04F79EFBC}") = "QuickSorter", "QuickSorter\QuickSorter.csproj", "{020364E1-3AD8-4660-A887-ED7987689B5B}"
EndProject
Project("{FAE04EC0-301F-11D3-BF4B-00C04F79EFBC}") = "KargerMinCut", "KargerMinCut\KargerMinCut.csproj", "{1E579185-6C2E-4FEB-8391-F3C138309440}"
EndProject
Project("{FAE04EC0-301F-11D3-BF4B-00C04F79EFBC}") = "OY.Theory.Graph.Tests", "Tests\OY.Theory.Graph.Tests\OY.Theory.Graph.Tests.csproj", "{035717F3-9BAF-41E9-B7FD-A220EF52DEDC}"
EndProject
Project("{FAE04EC0-301F-11D3-BF4B-00C04F79EFBC}") = "DijkstraDemo", "DijkstraDemo\DijkstraDemo.csproj", "{73A59ABF-C103-450B-8481-DBA6F9CB9B3D}"
EndProject
Project("{FAE04EC0-301F-11D3-BF4B-00C04F79EFBC}") = "SorterDemo", "SorterDemo\SorterDemo.csproj", "{D83089A1-EAE0-4C85-A861-B17A344DBFCF}"
EndProject
Project("{FAE04EC0-301F-11D3-BF4B-00C04F79EFBC}") = "OY.Theory.Randomized", "OY.Theory.Randomized\OY.Theory.Randomized.csproj", "{52D51B40-7416-4A79-AB48-C0BF8F515A0A}"
EndProject
Project("{FAE04EC0-301F-11D3-BF4B-00C04F79EFBC}") = "OY.Theory.System", "OY.Theory.System\OY.Theory.System.csproj", "{218280FA-74E0-4D59-B56F-D58B176AB230}"
EndProject
Project("{FAE04EC0-301F-11D3-BF4B-00C04F79EFBC}") = "OY.Theory.Geometry", "OY.Theory.Geometry\OY.Theory.Geometry.csproj", "{ECA1BC6D-9850-4762-95B4-B18E486B9C5D}"
EndProject
Project("{FAE04EC0-301F-11D3-BF4B-00C04F79EFBC}") = "SCCDemo", "SCCDemo\SCCDemo.csproj", "{6A348734-1669-493E-B7B3-3487FEF7EDF2}"
EndProject
Project("{FAE04EC0-301F-11D3-BF4B-00C04F79EFBC}") = "OY.Theory.Randomized.Tests", "OY.Theory.Randomized.Tests\OY.Theory.Randomized.Tests.csproj", "{A8FAB082-091A-475F-ABE5-A916C1BD0878}"
EndProject
Global
	GlobalSection(SolutionConfigurationPlatforms) = preSolution
		Debug|Any CPU = Debug|Any CPU
		Debug|ARM = Debug|ARM
		Debug|x64 = Debug|x64
		Debug|x86 = Debug|x86
		Release|Any CPU = Release|Any CPU
		Release|ARM = Release|ARM
		Release|x64 = Release|x64
		Release|x86 = Release|x86
	EndGlobalSection
	GlobalSection(ProjectConfigurationPlatforms) = postSolution
		{492A0108-3341-4221-9C91-397078634D56}.Debug|Any CPU.ActiveCfg = Debug|Any CPU
		{492A0108-3341-4221-9C91-397078634D56}.Debug|Any CPU.Build.0 = Debug|Any CPU
		{492A0108-3341-4221-9C91-397078634D56}.Debug|ARM.ActiveCfg = Debug|Any CPU
		{492A0108-3341-4221-9C91-397078634D56}.Debug|x64.ActiveCfg = Debug|Any CPU
		{492A0108-3341-4221-9C91-397078634D56}.Debug|x86.ActiveCfg = Debug|Any CPU
		{492A0108-3341-4221-9C91-397078634D56}.Release|Any CPU.ActiveCfg = Release|Any CPU
		{492A0108-3341-4221-9C91-397078634D56}.Release|Any CPU.Build.0 = Release|Any CPU
		{492A0108-3341-4221-9C91-397078634D56}.Release|ARM.ActiveCfg = Release|Any CPU
		{492A0108-3341-4221-9C91-397078634D56}.Release|x64.ActiveCfg = Release|Any CPU
		{492A0108-3341-4221-9C91-397078634D56}.Release|x86.ActiveCfg = Release|Any CPU
		{99B028D6-663E-4A5F-B31C-9D23071B739A}.Debug|Any CPU.ActiveCfg = Debug|Any CPU
		{99B028D6-663E-4A5F-B31C-9D23071B739A}.Debug|Any CPU.Build.0 = Debug|Any CPU
		{99B028D6-663E-4A5F-B31C-9D23071B739A}.Debug|ARM.ActiveCfg = Debug|Any CPU
		{99B028D6-663E-4A5F-B31C-9D23071B739A}.Debug|x64.ActiveCfg = Debug|Any CPU
		{99B028D6-663E-4A5F-B31C-9D23071B739A}.Debug|x86.ActiveCfg = Debug|Any CPU
		{99B028D6-663E-4A5F-B31C-9D23071B739A}.Release|Any CPU.ActiveCfg = Release|Any CPU
		{99B028D6-663E-4A5F-B31C-9D23071B739A}.Release|Any CPU.Build.0 = Release|Any CPU
		{99B028D6-663E-4A5F-B31C-9D23071B739A}.Release|ARM.ActiveCfg = Release|Any CPU
		{99B028D6-663E-4A5F-B31C-9D23071B739A}.Release|x64.ActiveCfg = Release|Any CPU
		{99B028D6-663E-4A5F-B31C-9D23071B739A}.Release|x86.ActiveCfg = Release|Any CPU
		{157239F8-9F61-4A06-A784-C69557F03B31}.Debug|Any CPU.ActiveCfg = Debug|Any CPU
		{157239F8-9F61-4A06-A784-C69557F03B31}.Debug|Any CPU.Build.0 = Debug|Any CPU
		{157239F8-9F61-4A06-A784-C69557F03B31}.Debug|ARM.ActiveCfg = Debug|Any CPU
		{157239F8-9F61-4A06-A784-C69557F03B31}.Debug|x64.ActiveCfg = Debug|Any CPU
		{157239F8-9F61-4A06-A784-C69557F03B31}.Debug|x86.ActiveCfg = Debug|Any CPU
		{157239F8-9F61-4A06-A784-C69557F03B31}.Release|Any CPU.ActiveCfg = Release|Any CPU
		{157239F8-9F61-4A06-A784-C69557F03B31}.Release|Any CPU.Build.0 = Release|Any CPU
		{157239F8-9F61-4A06-A784-C69557F03B31}.Release|ARM.ActiveCfg = Release|Any CPU
		{157239F8-9F61-4A06-A784-C69557F03B31}.Release|x64.ActiveCfg = Release|Any CPU
		{157239F8-9F61-4A06-A784-C69557F03B31}.Release|x86.ActiveCfg = Release|Any CPU
		{99635C04-4FAC-4A59-91FF-6E09E9837E77}.Debug|Any CPU.ActiveCfg = Debug|Any CPU
		{99635C04-4FAC-4A59-91FF-6E09E9837E77}.Debug|Any CPU.Build.0 = Debug|Any CPU
		{99635C04-4FAC-4A59-91FF-6E09E9837E77}.Debug|ARM.ActiveCfg = Debug|Any CPU
		{99635C04-4FAC-4A59-91FF-6E09E9837E77}.Debug|x64.ActiveCfg = Debug|Any CPU
		{99635C04-4FAC-4A59-91FF-6E09E9837E77}.Debug|x86.ActiveCfg = Debug|Any CPU
		{99635C04-4FAC-4A59-91FF-6E09E9837E77}.Release|Any CPU.ActiveCfg = Release|Any CPU
		{99635C04-4FAC-4A59-91FF-6E09E9837E77}.Release|Any CPU.Build.0 = Release|Any CPU
		{99635C04-4FAC-4A59-91FF-6E09E9837E77}.Release|ARM.ActiveCfg = Release|Any CPU
		{99635C04-4FAC-4A59-91FF-6E09E9837E77}.Release|x64.ActiveCfg = Release|Any CPU
		{99635C04-4FAC-4A59-91FF-6E09E9837E77}.Release|x86.ActiveCfg = Release|Any CPU
		{34350F20-E78C-4018-9F48-0DA83B56BDBA}.Debug|Any CPU.ActiveCfg = Debug|Any CPU
		{34350F20-E78C-4018-9F48-0DA83B56BDBA}.Debug|Any CPU.Build.0 = Debug|Any CPU
		{34350F20-E78C-4018-9F48-0DA83B56BDBA}.Debug|ARM.ActiveCfg = Debug|Any CPU
		{34350F20-E78C-4018-9F48-0DA83B56BDBA}.Debug|x64.ActiveCfg = Debug|Any CPU
		{34350F20-E78C-4018-9F48-0DA83B56BDBA}.Debug|x86.ActiveCfg = Debug|Any CPU
		{34350F20-E78C-4018-9F48-0DA83B56BDBA}.Release|Any CPU.ActiveCfg = Release|Any CPU
		{34350F20-E78C-4018-9F48-0DA83B56BDBA}.Release|Any CPU.Build.0 = Release|Any CPU
		{34350F20-E78C-4018-9F48-0DA83B56BDBA}.Release|ARM.ActiveCfg = Release|Any CPU
		{34350F20-E78C-4018-9F48-0DA83B56BDBA}.Release|x64.ActiveCfg = Release|Any CPU
		{34350F20-E78C-4018-9F48-0DA83B56BDBA}.Release|x86.ActiveCfg = Release|Any CPU
		{AE9DF492-13AD-4A54-B8EE-4C6B000D0571}.Debug|Any CPU.ActiveCfg = Debug|Any CPU
		{AE9DF492-13AD-4A54-B8EE-4C6B000D0571}.Debug|Any CPU.Build.0 = Debug|Any CPU
		{AE9DF492-13AD-4A54-B8EE-4C6B000D0571}.Debug|ARM.ActiveCfg = Debug|Any CPU
		{AE9DF492-13AD-4A54-B8EE-4C6B000D0571}.Debug|x64.ActiveCfg = Debug|Any CPU
		{AE9DF492-13AD-4A54-B8EE-4C6B000D0571}.Debug|x86.ActiveCfg = Debug|Any CPU
		{AE9DF492-13AD-4A54-B8EE-4C6B000D0571}.Release|Any CPU.ActiveCfg = Release|Any CPU
		{AE9DF492-13AD-4A54-B8EE-4C6B000D0571}.Release|Any CPU.Build.0 = Release|Any CPU
		{AE9DF492-13AD-4A54-B8EE-4C6B000D0571}.Release|ARM.ActiveCfg = Release|Any CPU
		{AE9DF492-13AD-4A54-B8EE-4C6B000D0571}.Release|x64.ActiveCfg = Release|Any CPU
		{AE9DF492-13AD-4A54-B8EE-4C6B000D0571}.Release|x86.ActiveCfg = Release|Any CPU
		{9841F789-CFAE-4712-B808-27B6E1AE518E}.Debug|Any CPU.ActiveCfg = Debug|Any CPU
		{9841F789-CFAE-4712-B808-27B6E1AE518E}.Debug|Any CPU.Build.0 = Debug|Any CPU
		{9841F789-CFAE-4712-B808-27B6E1AE518E}.Debug|ARM.ActiveCfg = Debug|Any CPU
		{9841F789-CFAE-4712-B808-27B6E1AE518E}.Debug|x64.ActiveCfg = Debug|Any CPU
		{9841F789-CFAE-4712-B808-27B6E1AE518E}.Debug|x86.ActiveCfg = Debug|Any CPU
		{9841F789-CFAE-4712-B808-27B6E1AE518E}.Release|Any CPU.ActiveCfg = Release|Any CPU
		{9841F789-CFAE-4712-B808-27B6E1AE518E}.Release|Any CPU.Build.0 = Release|Any CPU
		{9841F789-CFAE-4712-B808-27B6E1AE518E}.Release|ARM.ActiveCfg = Release|Any CPU
		{9841F789-CFAE-4712-B808-27B6E1AE518E}.Release|x64.ActiveCfg = Release|Any CPU
		{9841F789-CFAE-4712-B808-27B6E1AE518E}.Release|x86.ActiveCfg = Release|Any CPU
		{A82E2C10-A02E-4144-BAFA-7C98EAE06929}.Debug|Any CPU.ActiveCfg = Debug|Any CPU
		{A82E2C10-A02E-4144-BAFA-7C98EAE06929}.Debug|Any CPU.Build.0 = Debug|Any CPU
		{A82E2C10-A02E-4144-BAFA-7C98EAE06929}.Debug|ARM.ActiveCfg = Debug|Any CPU
		{A82E2C10-A02E-4144-BAFA-7C98EAE06929}.Debug|x64.ActiveCfg = Debug|Any CPU
		{A82E2C10-A02E-4144-BAFA-7C98EAE06929}.Debug|x86.ActiveCfg = Debug|Any CPU
		{A82E2C10-A02E-4144-BAFA-7C98EAE06929}.Release|Any CPU.ActiveCfg = Release|Any CPU
		{A82E2C10-A02E-4144-BAFA-7C98EAE06929}.Release|Any CPU.Build.0 = Release|Any CPU
		{A82E2C10-A02E-4144-BAFA-7C98EAE06929}.Release|ARM.ActiveCfg = Release|Any CPU
		{A82E2C10-A02E-4144-BAFA-7C98EAE06929}.Release|x64.ActiveCfg = Release|Any CPU
		{A82E2C10-A02E-4144-BAFA-7C98EAE06929}.Release|x86.ActiveCfg = Release|Any CPU
		{037F47A8-005A-4E2C-895D-8AA31F466C61}.Debug|Any CPU.ActiveCfg = Debug|Any CPU
		{037F47A8-005A-4E2C-895D-8AA31F466C61}.Debug|Any CPU.Build.0 = Debug|Any CPU
		{037F47A8-005A-4E2C-895D-8AA31F466C61}.Debug|ARM.ActiveCfg = Debug|Any CPU
		{037F47A8-005A-4E2C-895D-8AA31F466C61}.Debug|x64.ActiveCfg = Debug|Any CPU
		{037F47A8-005A-4E2C-895D-8AA31F466C61}.Debug|x86.ActiveCfg = Debug|Any CPU
		{037F47A8-005A-4E2C-895D-8AA31F466C61}.Release|Any CPU.ActiveCfg = Release|Any CPU
		{037F47A8-005A-4E2C-895D-8AA31F466C61}.Release|Any CPU.Build.0 = Release|Any CPU
		{037F47A8-005A-4E2C-895D-8AA31F466C61}.Release|ARM.ActiveCfg = Release|Any CPU
		{037F47A8-005A-4E2C-895D-8AA31F466C61}.Release|x64.ActiveCfg = Release|Any CPU
		{037F47A8-005A-4E2C-895D-8AA31F466C61}.Release|x86.ActiveCfg = Release|Any CPU
		{FD567D98-B112-4695-892F-44E7177408AF}.Debug|Any CPU.ActiveCfg = Debug|Any CPU
		{FD567D98-B112-4695-892F-44E7177408AF}.Debug|Any CPU.Build.0 = Debug|Any CPU
		{FD567D98-B112-4695-892F-44E7177408AF}.Debug|ARM.ActiveCfg = Debug|Any CPU
		{FD567D98-B112-4695-892F-44E7177408AF}.Debug|x64.ActiveCfg = Debug|Any CPU
		{FD567D98-B112-4695-892F-44E7177408AF}.Debug|x86.ActiveCfg = Debug|Any CPU
		{FD567D98-B112-4695-892F-44E7177408AF}.Release|Any CPU.ActiveCfg = Release|Any CPU
		{FD567D98-B112-4695-892F-44E7177408AF}.Release|Any CPU.Build.0 = Release|Any CPU
		{FD567D98-B112-4695-892F-44E7177408AF}.Release|ARM.ActiveCfg = Release|Any CPU
		{FD567D98-B112-4695-892F-44E7177408AF}.Release|x64.ActiveCfg = Release|Any CPU
		{FD567D98-B112-4695-892F-44E7177408AF}.Release|x86.ActiveCfg = Release|Any CPU
		{020364E1-3AD8-4660-A887-ED7987689B5B}.Debug|Any CPU.ActiveCfg = Debug|Any CPU
		{020364E1-3AD8-4660-A887-ED7987689B5B}.Debug|Any CPU.Build.0 = Debug|Any CPU
		{020364E1-3AD8-4660-A887-ED7987689B5B}.Debug|ARM.ActiveCfg = Debug|Any CPU
		{020364E1-3AD8-4660-A887-ED7987689B5B}.Debug|x64.ActiveCfg = Debug|Any CPU
		{020364E1-3AD8-4660-A887-ED7987689B5B}.Debug|x86.ActiveCfg = Debug|Any CPU
		{020364E1-3AD8-4660-A887-ED7987689B5B}.Release|Any CPU.ActiveCfg = Release|Any CPU
		{020364E1-3AD8-4660-A887-ED7987689B5B}.Release|Any CPU.Build.0 = Release|Any CPU
		{020364E1-3AD8-4660-A887-ED7987689B5B}.Release|ARM.ActiveCfg = Release|Any CPU
		{020364E1-3AD8-4660-A887-ED7987689B5B}.Release|x64.ActiveCfg = Release|Any CPU
		{020364E1-3AD8-4660-A887-ED7987689B5B}.Release|x86.ActiveCfg = Release|Any CPU
		{1E579185-6C2E-4FEB-8391-F3C138309440}.Debug|Any CPU.ActiveCfg = Debug|Any CPU
		{1E579185-6C2E-4FEB-8391-F3C138309440}.Debug|Any CPU.Build.0 = Debug|Any CPU
		{1E579185-6C2E-4FEB-8391-F3C138309440}.Debug|ARM.ActiveCfg = Debug|Any CPU
		{1E579185-6C2E-4FEB-8391-F3C138309440}.Debug|x64.ActiveCfg = Debug|Any CPU
		{1E579185-6C2E-4FEB-8391-F3C138309440}.Debug|x86.ActiveCfg = Debug|Any CPU
		{1E579185-6C2E-4FEB-8391-F3C138309440}.Release|Any CPU.ActiveCfg = Release|Any CPU
		{1E579185-6C2E-4FEB-8391-F3C138309440}.Release|Any CPU.Build.0 = Release|Any CPU
		{1E579185-6C2E-4FEB-8391-F3C138309440}.Release|ARM.ActiveCfg = Release|Any CPU
		{1E579185-6C2E-4FEB-8391-F3C138309440}.Release|x64.ActiveCfg = Release|Any CPU
		{1E579185-6C2E-4FEB-8391-F3C138309440}.Release|x86.ActiveCfg = Release|Any CPU
		{035717F3-9BAF-41E9-B7FD-A220EF52DEDC}.Debug|Any CPU.ActiveCfg = Debug|Any CPU
		{035717F3-9BAF-41E9-B7FD-A220EF52DEDC}.Debug|Any CPU.Build.0 = Debug|Any CPU
		{035717F3-9BAF-41E9-B7FD-A220EF52DEDC}.Debug|ARM.ActiveCfg = Debug|Any CPU
		{035717F3-9BAF-41E9-B7FD-A220EF52DEDC}.Debug|x64.ActiveCfg = Debug|Any CPU
		{035717F3-9BAF-41E9-B7FD-A220EF52DEDC}.Debug|x86.ActiveCfg = Debug|Any CPU
		{035717F3-9BAF-41E9-B7FD-A220EF52DEDC}.Release|Any CPU.ActiveCfg = Release|Any CPU
		{035717F3-9BAF-41E9-B7FD-A220EF52DEDC}.Release|Any CPU.Build.0 = Release|Any CPU
		{035717F3-9BAF-41E9-B7FD-A220EF52DEDC}.Release|ARM.ActiveCfg = Release|Any CPU
		{035717F3-9BAF-41E9-B7FD-A220EF52DEDC}.Release|x64.ActiveCfg = Release|Any CPU
		{035717F3-9BAF-41E9-B7FD-A220EF52DEDC}.Release|x86.ActiveCfg = Release|Any CPU
		{73A59ABF-C103-450B-8481-DBA6F9CB9B3D}.Debug|Any CPU.ActiveCfg = Debug|Any CPU
		{73A59ABF-C103-450B-8481-DBA6F9CB9B3D}.Debug|Any CPU.Build.0 = Debug|Any CPU
		{73A59ABF-C103-450B-8481-DBA6F9CB9B3D}.Debug|ARM.ActiveCfg = Debug|Any CPU
		{73A59ABF-C103-450B-8481-DBA6F9CB9B3D}.Debug|x64.ActiveCfg = Debug|Any CPU
		{73A59ABF-C103-450B-8481-DBA6F9CB9B3D}.Debug|x86.ActiveCfg = Debug|Any CPU
		{73A59ABF-C103-450B-8481-DBA6F9CB9B3D}.Release|Any CPU.ActiveCfg = Release|Any CPU
		{73A59ABF-C103-450B-8481-DBA6F9CB9B3D}.Release|Any CPU.Build.0 = Release|Any CPU
		{73A59ABF-C103-450B-8481-DBA6F9CB9B3D}.Release|ARM.ActiveCfg = Release|Any CPU
		{73A59ABF-C103-450B-8481-DBA6F9CB9B3D}.Release|x64.ActiveCfg = Release|Any CPU
		{73A59ABF-C103-450B-8481-DBA6F9CB9B3D}.Release|x86.ActiveCfg = Release|Any CPU
		{D83089A1-EAE0-4C85-A861-B17A344DBFCF}.Debug|Any CPU.ActiveCfg = Debug|Any CPU
		{D83089A1-EAE0-4C85-A861-B17A344DBFCF}.Debug|Any CPU.Build.0 = Debug|Any CPU
		{D83089A1-EAE0-4C85-A861-B17A344DBFCF}.Debug|ARM.ActiveCfg = Debug|Any CPU
		{D83089A1-EAE0-4C85-A861-B17A344DBFCF}.Debug|x64.ActiveCfg = Debug|Any CPU
		{D83089A1-EAE0-4C85-A861-B17A344DBFCF}.Debug|x86.ActiveCfg = Debug|Any CPU
		{D83089A1-EAE0-4C85-A861-B17A344DBFCF}.Release|Any CPU.ActiveCfg = Release|Any CPU
		{D83089A1-EAE0-4C85-A861-B17A344DBFCF}.Release|Any CPU.Build.0 = Release|Any CPU
		{D83089A1-EAE0-4C85-A861-B17A344DBFCF}.Release|ARM.ActiveCfg = Release|Any CPU
		{D83089A1-EAE0-4C85-A861-B17A344DBFCF}.Release|x64.ActiveCfg = Release|Any CPU
		{D83089A1-EAE0-4C85-A861-B17A344DBFCF}.Release|x86.ActiveCfg = Release|Any CPU
		{52D51B40-7416-4A79-AB48-C0BF8F515A0A}.Debug|Any CPU.ActiveCfg = Debug|Any CPU
		{52D51B40-7416-4A79-AB48-C0BF8F515A0A}.Debug|Any CPU.Build.0 = Debug|Any CPU
		{52D51B40-7416-4A79-AB48-C0BF8F515A0A}.Debug|ARM.ActiveCfg = Debug|Any CPU
		{52D51B40-7416-4A79-AB48-C0BF8F515A0A}.Debug|x64.ActiveCfg = Debug|Any CPU
		{52D51B40-7416-4A79-AB48-C0BF8F515A0A}.Debug|x86.ActiveCfg = Debug|Any CPU
		{52D51B40-7416-4A79-AB48-C0BF8F515A0A}.Release|Any CPU.ActiveCfg = Release|Any CPU
		{52D51B40-7416-4A79-AB48-C0BF8F515A0A}.Release|Any CPU.Build.0 = Release|Any CPU
		{52D51B40-7416-4A79-AB48-C0BF8F515A0A}.Release|ARM.ActiveCfg = Release|Any CPU
		{52D51B40-7416-4A79-AB48-C0BF8F515A0A}.Release|x64.ActiveCfg = Release|Any CPU
		{52D51B40-7416-4A79-AB48-C0BF8F515A0A}.Release|x86.ActiveCfg = Release|Any CPU
		{218280FA-74E0-4D59-B56F-D58B176AB230}.Debug|Any CPU.ActiveCfg = Debug|Any CPU
		{218280FA-74E0-4D59-B56F-D58B176AB230}.Debug|Any CPU.Build.0 = Debug|Any CPU
		{218280FA-74E0-4D59-B56F-D58B176AB230}.Debug|ARM.ActiveCfg = Debug|Any CPU
		{218280FA-74E0-4D59-B56F-D58B176AB230}.Debug|x64.ActiveCfg = Debug|Any CPU
		{218280FA-74E0-4D59-B56F-D58B176AB230}.Debug|x86.ActiveCfg = Debug|Any CPU
		{218280FA-74E0-4D59-B56F-D58B176AB230}.Release|Any CPU.ActiveCfg = Release|Any CPU
		{218280FA-74E0-4D59-B56F-D58B176AB230}.Release|Any CPU.Build.0 = Release|Any CPU
		{218280FA-74E0-4D59-B56F-D58B176AB230}.Release|ARM.ActiveCfg = Release|Any CPU
		{218280FA-74E0-4D59-B56F-D58B176AB230}.Release|x64.ActiveCfg = Release|Any CPU
		{218280FA-74E0-4D59-B56F-D58B176AB230}.Release|x86.ActiveCfg = Release|Any CPU
		{ECA1BC6D-9850-4762-95B4-B18E486B9C5D}.Debug|Any CPU.ActiveCfg = Debug|Any CPU
		{ECA1BC6D-9850-4762-95B4-B18E486B9C5D}.Debug|Any CPU.Build.0 = Debug|Any CPU
		{ECA1BC6D-9850-4762-95B4-B18E486B9C5D}.Debug|ARM.ActiveCfg = Debug|Any CPU
		{ECA1BC6D-9850-4762-95B4-B18E486B9C5D}.Debug|x64.ActiveCfg = Debug|Any CPU
		{ECA1BC6D-9850-4762-95B4-B18E486B9C5D}.Debug|x86.ActiveCfg = Debug|Any CPU
		{ECA1BC6D-9850-4762-95B4-B18E486B9C5D}.Release|Any CPU.ActiveCfg = Release|Any CPU
		{ECA1BC6D-9850-4762-95B4-B18E486B9C5D}.Release|Any CPU.Build.0 = Release|Any CPU
		{ECA1BC6D-9850-4762-95B4-B18E486B9C5D}.Release|ARM.ActiveCfg = Release|Any CPU
		{ECA1BC6D-9850-4762-95B4-B18E486B9C5D}.Release|x64.ActiveCfg = Release|Any CPU
		{ECA1BC6D-9850-4762-95B4-B18E486B9C5D}.Release|x86.ActiveCfg = Release|Any CPU
		{6A348734-1669-493E-B7B3-3487FEF7EDF2}.Debug|Any CPU.ActiveCfg = Debug|Any CPU
		{6A348734-1669-493E-B7B3-3487FEF7EDF2}.Debug|Any CPU.Build.0 = Debug|Any CPU
		{6A348734-1669-493E-B7B3-3487FEF7EDF2}.Debug|ARM.ActiveCfg = Debug|Any CPU
		{6A348734-1669-493E-B7B3-3487FEF7EDF2}.Debug|x64.ActiveCfg = Debug|Any CPU
		{6A348734-1669-493E-B7B3-3487FEF7EDF2}.Debug|x86.ActiveCfg = Debug|Any CPU
		{6A348734-1669-493E-B7B3-3487FEF7EDF2}.Release|Any CPU.ActiveCfg = Release|Any CPU
		{6A348734-1669-493E-B7B3-3487FEF7EDF2}.Release|Any CPU.Build.0 = Release|Any CPU
		{6A348734-1669-493E-B7B3-3487FEF7EDF2}.Release|ARM.ActiveCfg = Release|Any CPU
		{6A348734-1669-493E-B7B3-3487FEF7EDF2}.Release|x64.ActiveCfg = Release|Any CPU
		{6A348734-1669-493E-B7B3-3487FEF7EDF2}.Release|x86.ActiveCfg = Release|Any CPU
		{A8FAB082-091A-475F-ABE5-A916C1BD0878}.Debug|Any CPU.ActiveCfg = Debug|Any CPU
		{A8FAB082-091A-475F-ABE5-A916C1BD0878}.Debug|Any CPU.Build.0 = Debug|Any CPU
		{A8FAB082-091A-475F-ABE5-A916C1BD0878}.Debug|ARM.ActiveCfg = Debug|Any CPU
		{A8FAB082-091A-475F-ABE5-A916C1BD0878}.Debug|ARM.Build.0 = Debug|Any CPU
		{A8FAB082-091A-475F-ABE5-A916C1BD0878}.Debug|x64.ActiveCfg = Debug|Any CPU
		{A8FAB082-091A-475F-ABE5-A916C1BD0878}.Debug|x64.Build.0 = Debug|Any CPU
		{A8FAB082-091A-475F-ABE5-A916C1BD0878}.Debug|x86.ActiveCfg = Debug|Any CPU
		{A8FAB082-091A-475F-ABE5-A916C1BD0878}.Debug|x86.Build.0 = Debug|Any CPU
		{A8FAB082-091A-475F-ABE5-A916C1BD0878}.Release|Any CPU.ActiveCfg = Release|Any CPU
		{A8FAB082-091A-475F-ABE5-A916C1BD0878}.Release|Any CPU.Build.0 = Release|Any CPU
		{A8FAB082-091A-475F-ABE5-A916C1BD0878}.Release|ARM.ActiveCfg = Release|Any CPU
		{A8FAB082-091A-475F-ABE5-A916C1BD0878}.Release|ARM.Build.0 = Release|Any CPU
		{A8FAB082-091A-475F-ABE5-A916C1BD0878}.Release|x64.ActiveCfg = Release|Any CPU
		{A8FAB082-091A-475F-ABE5-A916C1BD0878}.Release|x64.Build.0 = Release|Any CPU
		{A8FAB082-091A-475F-ABE5-A916C1BD0878}.Release|x86.ActiveCfg = Release|Any CPU
		{A8FAB082-091A-475F-ABE5-A916C1BD0878}.Release|x86.Build.0 = Release|Any CPU
	EndGlobalSection
	GlobalSection(SolutionProperties) = preSolution
		HideSolutionNode = FALSE
	EndGlobalSection
	GlobalSection(NestedProjects) = preSolution
		{AE9DF492-13AD-4A54-B8EE-4C6B000D0571} = {2009B99D-C730-4B25-A0F2-D1E112D21C1A}
		{A82E2C10-A02E-4144-BAFA-7C98EAE06929} = {2009B99D-C730-4B25-A0F2-D1E112D21C1A}
		{FD567D98-B112-4695-892F-44E7177408AF} = {AC52DAAA-0004-4EC7-898B-66AD2865C546}
		{020364E1-3AD8-4660-A887-ED7987689B5B} = {AC52DAAA-0004-4EC7-898B-66AD2865C546}
		{1E579185-6C2E-4FEB-8391-F3C138309440} = {AC52DAAA-0004-4EC7-898B-66AD2865C546}
		{035717F3-9BAF-41E9-B7FD-A220EF52DEDC} = {2009B99D-C730-4B25-A0F2-D1E112D21C1A}
		{73A59ABF-C103-450B-8481-DBA6F9CB9B3D} = {AC52DAAA-0004-4EC7-898B-66AD2865C546}
		{D83089A1-EAE0-4C85-A861-B17A344DBFCF} = {AC52DAAA-0004-4EC7-898B-66AD2865C546}
		{6A348734-1669-493E-B7B3-3487FEF7EDF2} = {AC52DAAA-0004-4EC7-898B-66AD2865C546}
		{A8FAB082-091A-475F-ABE5-A916C1BD0878} = {2009B99D-C730-4B25-A0F2-D1E112D21C1A}
	EndGlobalSection
EndGlobal
