
Microsoft Visual Studio Solution File, Format Version 12.00
# Visual Studio 2013
VisualStudioVersion = 12.0.31101.0
MinimumVisualStudioVersion = 10.0.40219.1
Project("{FAE04EC0-301F-11D3-BF4B-00C04F79EFBC}") = "OY.Theory.Shared", "OY.Theory.Shared\OY.Theory.Shared.csproj", "{492A0108-3341-4221-9C91-397078634D56}"
EndProject
Project("{FAE04EC0-301F-11D3-BF4B-00C04F79EFBC}") = "OY.Theory.Tree", "OY.Theory.Tree\OY.Theory.Tree.csproj", "{704B3DC6-54C0-4CF7-91BE-EA4A8D9A7DDB}"
EndProject
Project("{FAE04EC0-301F-11D3-BF4B-00C04F79EFBC}") = "OY.Theory.Graph", "OY.Theory.Graph\OY.Theory.Graph.csproj", "{99B028D6-663E-4A5F-B31C-9D23071B739A}"
EndProject
Project("{FAE04EC0-301F-11D3-BF4B-00C04F79EFBC}") = "OY.Theory.SimplicialComplex", "OY.Theory.SimplicialComplex\OY.Theory.SimplicialComplex.csproj", "{157239F8-9F61-4A06-A784-C69557F03B31}"
EndProject
Project("{FAE04EC0-301F-11D3-BF4B-00C04F79EFBC}") = "OY.Theory.Combinatorics", "OY.Theory.Combinatorics\OY.Theory.Combinatorics.csproj", "{99635C04-4FAC-4A59-91FF-6E09E9837E77}"
EndProject
Project("{FAE04EC0-301F-11D3-BF4B-00C04F79EFBC}") = "OY.Theory.DataStructures", "OY.Theory.DataStructures\OY.Theory.DataStructures.csproj", "{34350F20-E78C-4018-9F48-0DA83B56BDBA}"
EndProject
Project("{2150E333-8FDC-42A3-9474-1A3956D46DE8}") = "Tests", "Tests", "{2009B99D-C730-4B25-A0F2-D1E112D21C1A}"
EndProject
Project("{FAE04EC0-301F-11D3-BF4B-00C04F79EFBC}") = "OY.Theory.DataStructures.Tests", "Tests\OY.Theory.DataStructures.Tests\OY.Theory.DataStructures.Tests.csproj", "{AE9DF492-13AD-4A54-B8EE-4C6B000D0571}"
EndProject
Project("{FAE04EC0-301F-11D3-BF4B-00C04F79EFBC}") = "OY.Theory.NumberTheory", "OY.Theory.NumberTheory\OY.Theory.NumberTheory.csproj", "{9841F789-CFAE-4712-B808-27B6E1AE518E}"
EndProject
Project("{FAE04EC0-301F-11D3-BF4B-00C04F79EFBC}") = "OY.Theory.NumberTheory.Tests", "OY.Theory.NumberTheory.Tests\OY.Theory.NumberTheory.Tests.csproj", "{A82E2C10-A02E-4144-BAFA-7C98EAE06929}"
EndProject
Global
	GlobalSection(SolutionConfigurationPlatforms) = preSolution
		Debug|Any CPU = Debug|Any CPU
		Debug|ARM = Debug|ARM
		Debug|x64 = Debug|x64
		Debug|x86 = Debug|x86
		Release|Any CPU = Release|Any CPU
		Release|ARM = Release|ARM
		Release|x64 = Release|x64
		Release|x86 = Release|x86
	EndGlobalSection
	GlobalSection(ProjectConfigurationPlatforms) = postSolution
		{492A0108-3341-4221-9C91-397078634D56}.Debug|Any CPU.ActiveCfg = Debug|Any CPU
		{492A0108-3341-4221-9C91-397078634D56}.Debug|Any CPU.Build.0 = Debug|Any CPU
		{492A0108-3341-4221-9C91-397078634D56}.Debug|ARM.ActiveCfg = Debug|Any CPU
		{492A0108-3341-4221-9C91-397078634D56}.Debug|x64.ActiveCfg = Debug|Any CPU
		{492A0108-3341-4221-9C91-397078634D56}.Debug|x86.ActiveCfg = Debug|Any CPU
		{492A0108-3341-4221-9C91-397078634D56}.Release|Any CPU.ActiveCfg = Release|Any CPU
		{492A0108-3341-4221-9C91-397078634D56}.Release|Any CPU.Build.0 = Release|Any CPU
		{492A0108-3341-4221-9C91-397078634D56}.Release|ARM.ActiveCfg = Release|Any CPU
		{492A0108-3341-4221-9C91-397078634D56}.Release|x64.ActiveCfg = Release|Any CPU
		{492A0108-3341-4221-9C91-397078634D56}.Release|x86.ActiveCfg = Release|Any CPU
		{704B3DC6-54C0-4CF7-91BE-EA4A8D9A7DDB}.Debug|Any CPU.ActiveCfg = Debug|Any CPU
		{704B3DC6-54C0-4CF7-91BE-EA4A8D9A7DDB}.Debug|Any CPU.Build.0 = Debug|Any CPU
		{704B3DC6-54C0-4CF7-91BE-EA4A8D9A7DDB}.Debug|ARM.ActiveCfg = Debug|Any CPU
		{704B3DC6-54C0-4CF7-91BE-EA4A8D9A7DDB}.Debug|x64.ActiveCfg = Debug|Any CPU
		{704B3DC6-54C0-4CF7-91BE-EA4A8D9A7DDB}.Debug|x86.ActiveCfg = Debug|Any CPU
		{704B3DC6-54C0-4CF7-91BE-EA4A8D9A7DDB}.Release|Any CPU.ActiveCfg = Release|Any CPU
		{704B3DC6-54C0-4CF7-91BE-EA4A8D9A7DDB}.Release|Any CPU.Build.0 = Release|Any CPU
		{704B3DC6-54C0-4CF7-91BE-EA4A8D9A7DDB}.Release|ARM.ActiveCfg = Release|Any CPU
		{704B3DC6-54C0-4CF7-91BE-EA4A8D9A7DDB}.Release|x64.ActiveCfg = Release|Any CPU
		{704B3DC6-54C0-4CF7-91BE-EA4A8D9A7DDB}.Release|x86.ActiveCfg = Release|Any CPU
		{99B028D6-663E-4A5F-B31C-9D23071B739A}.Debug|Any CPU.ActiveCfg = Debug|Any CPU
		{99B028D6-663E-4A5F-B31C-9D23071B739A}.Debug|Any CPU.Build.0 = Debug|Any CPU
		{99B028D6-663E-4A5F-B31C-9D23071B739A}.Debug|ARM.ActiveCfg = Debug|Any CPU
		{99B028D6-663E-4A5F-B31C-9D23071B739A}.Debug|x64.ActiveCfg = Debug|Any CPU
		{99B028D6-663E-4A5F-B31C-9D23071B739A}.Debug|x86.ActiveCfg = Debug|Any CPU
		{99B028D6-663E-4A5F-B31C-9D23071B739A}.Release|Any CPU.ActiveCfg = Release|Any CPU
		{99B028D6-663E-4A5F-B31C-9D23071B739A}.Release|Any CPU.Build.0 = Release|Any CPU
		{99B028D6-663E-4A5F-B31C-9D23071B739A}.Release|ARM.ActiveCfg = Release|Any CPU
		{99B028D6-663E-4A5F-B31C-9D23071B739A}.Release|x64.ActiveCfg = Release|Any CPU
		{99B028D6-663E-4A5F-B31C-9D23071B739A}.Release|x86.ActiveCfg = Release|Any CPU
		{157239F8-9F61-4A06-A784-C69557F03B31}.Debug|Any CPU.ActiveCfg = Debug|Any CPU
		{157239F8-9F61-4A06-A784-C69557F03B31}.Debug|Any CPU.Build.0 = Debug|Any CPU
		{157239F8-9F61-4A06-A784-C69557F03B31}.Debug|ARM.ActiveCfg = Debug|Any CPU
		{157239F8-9F61-4A06-A784-C69557F03B31}.Debug|x64.ActiveCfg = Debug|Any CPU
		{157239F8-9F61-4A06-A784-C69557F03B31}.Debug|x86.ActiveCfg = Debug|Any CPU
		{157239F8-9F61-4A06-A784-C69557F03B31}.Release|Any CPU.ActiveCfg = Release|Any CPU
		{157239F8-9F61-4A06-A784-C69557F03B31}.Release|Any CPU.Build.0 = Release|Any CPU
		{157239F8-9F61-4A06-A784-C69557F03B31}.Release|ARM.ActiveCfg = Release|Any CPU
		{157239F8-9F61-4A06-A784-C69557F03B31}.Release|x64.ActiveCfg = Release|Any CPU
		{157239F8-9F61-4A06-A784-C69557F03B31}.Release|x86.ActiveCfg = Release|Any CPU
		{99635C04-4FAC-4A59-91FF-6E09E9837E77}.Debug|Any CPU.ActiveCfg = Debug|Any CPU
		{99635C04-4FAC-4A59-91FF-6E09E9837E77}.Debug|Any CPU.Build.0 = Debug|Any CPU
		{99635C04-4FAC-4A59-91FF-6E09E9837E77}.Debug|ARM.ActiveCfg = Debug|Any CPU
		{99635C04-4FAC-4A59-91FF-6E09E9837E77}.Debug|x64.ActiveCfg = Debug|Any CPU
		{99635C04-4FAC-4A59-91FF-6E09E9837E77}.Debug|x86.ActiveCfg = Debug|Any CPU
		{99635C04-4FAC-4A59-91FF-6E09E9837E77}.Release|Any CPU.ActiveCfg = Release|Any CPU
		{99635C04-4FAC-4A59-91FF-6E09E9837E77}.Release|Any CPU.Build.0 = Release|Any CPU
		{99635C04-4FAC-4A59-91FF-6E09E9837E77}.Release|ARM.ActiveCfg = Release|Any CPU
		{99635C04-4FAC-4A59-91FF-6E09E9837E77}.Release|x64.ActiveCfg = Release|Any CPU
		{99635C04-4FAC-4A59-91FF-6E09E9837E77}.Release|x86.ActiveCfg = Release|Any CPU
		{34350F20-E78C-4018-9F48-0DA83B56BDBA}.Debug|Any CPU.ActiveCfg = Debug|Any CPU
		{34350F20-E78C-4018-9F48-0DA83B56BDBA}.Debug|Any CPU.Build.0 = Debug|Any CPU
		{34350F20-E78C-4018-9F48-0DA83B56BDBA}.Debug|ARM.ActiveCfg = Debug|Any CPU
		{34350F20-E78C-4018-9F48-0DA83B56BDBA}.Debug|x64.ActiveCfg = Debug|Any CPU
		{34350F20-E78C-4018-9F48-0DA83B56BDBA}.Debug|x86.ActiveCfg = Debug|Any CPU
		{34350F20-E78C-4018-9F48-0DA83B56BDBA}.Release|Any CPU.ActiveCfg = Release|Any CPU
		{34350F20-E78C-4018-9F48-0DA83B56BDBA}.Release|Any CPU.Build.0 = Release|Any CPU
		{34350F20-E78C-4018-9F48-0DA83B56BDBA}.Release|ARM.ActiveCfg = Release|Any CPU
		{34350F20-E78C-4018-9F48-0DA83B56BDBA}.Release|x64.ActiveCfg = Release|Any CPU
		{34350F20-E78C-4018-9F48-0DA83B56BDBA}.Release|x86.ActiveCfg = Release|Any CPU
		{AE9DF492-13AD-4A54-B8EE-4C6B000D0571}.Debug|Any CPU.ActiveCfg = Debug|Any CPU
		{AE9DF492-13AD-4A54-B8EE-4C6B000D0571}.Debug|Any CPU.Build.0 = Debug|Any CPU
		{AE9DF492-13AD-4A54-B8EE-4C6B000D0571}.Debug|ARM.ActiveCfg = Debug|Any CPU
		{AE9DF492-13AD-4A54-B8EE-4C6B000D0571}.Debug|x64.ActiveCfg = Debug|Any CPU
		{AE9DF492-13AD-4A54-B8EE-4C6B000D0571}.Debug|x86.ActiveCfg = Debug|Any CPU
		{AE9DF492-13AD-4A54-B8EE-4C6B000D0571}.Release|Any CPU.ActiveCfg = Release|Any CPU
		{AE9DF492-13AD-4A54-B8EE-4C6B000D0571}.Release|Any CPU.Build.0 = Release|Any CPU
		{AE9DF492-13AD-4A54-B8EE-4C6B000D0571}.Release|ARM.ActiveCfg = Release|Any CPU
		{AE9DF492-13AD-4A54-B8EE-4C6B000D0571}.Release|x64.ActiveCfg = Release|Any CPU
		{AE9DF492-13AD-4A54-B8EE-4C6B000D0571}.Release|x86.ActiveCfg = Release|Any CPU
		{9841F789-CFAE-4712-B808-27B6E1AE518E}.Debug|Any CPU.ActiveCfg = Debug|Any CPU
		{9841F789-CFAE-4712-B808-27B6E1AE518E}.Debug|Any CPU.Build.0 = Debug|Any CPU
		{9841F789-CFAE-4712-B808-27B6E1AE518E}.Debug|ARM.ActiveCfg = Debug|Any CPU
		{9841F789-CFAE-4712-B808-27B6E1AE518E}.Debug|x64.ActiveCfg = Debug|Any CPU
		{9841F789-CFAE-4712-B808-27B6E1AE518E}.Debug|x86.ActiveCfg = Debug|Any CPU
		{9841F789-CFAE-4712-B808-27B6E1AE518E}.Release|Any CPU.ActiveCfg = Release|Any CPU
		{9841F789-CFAE-4712-B808-27B6E1AE518E}.Release|Any CPU.Build.0 = Release|Any CPU
		{9841F789-CFAE-4712-B808-27B6E1AE518E}.Release|ARM.ActiveCfg = Release|Any CPU
		{9841F789-CFAE-4712-B808-27B6E1AE518E}.Release|x64.ActiveCfg = Release|Any CPU
		{9841F789-CFAE-4712-B808-27B6E1AE518E}.Release|x86.ActiveCfg = Release|Any CPU
		{A82E2C10-A02E-4144-BAFA-7C98EAE06929}.Debug|Any CPU.ActiveCfg = Debug|Any CPU
		{A82E2C10-A02E-4144-BAFA-7C98EAE06929}.Debug|Any CPU.Build.0 = Debug|Any CPU
		{A82E2C10-A02E-4144-BAFA-7C98EAE06929}.Debug|ARM.ActiveCfg = Debug|Any CPU
		{A82E2C10-A02E-4144-BAFA-7C98EAE06929}.Debug|x64.ActiveCfg = Debug|Any CPU
		{A82E2C10-A02E-4144-BAFA-7C98EAE06929}.Debug|x86.ActiveCfg = Debug|Any CPU
		{A82E2C10-A02E-4144-BAFA-7C98EAE06929}.Release|Any CPU.ActiveCfg = Release|Any CPU
		{A82E2C10-A02E-4144-BAFA-7C98EAE06929}.Release|Any CPU.Build.0 = Release|Any CPU
		{A82E2C10-A02E-4144-BAFA-7C98EAE06929}.Release|ARM.ActiveCfg = Release|Any CPU
		{A82E2C10-A02E-4144-BAFA-7C98EAE06929}.Release|x64.ActiveCfg = Release|Any CPU
		{A82E2C10-A02E-4144-BAFA-7C98EAE06929}.Release|x86.ActiveCfg = Release|Any CPU
	EndGlobalSection
	GlobalSection(SolutionProperties) = preSolution
		HideSolutionNode = FALSE
	EndGlobalSection
	GlobalSection(NestedProjects) = preSolution
		{AE9DF492-13AD-4A54-B8EE-4C6B000D0571} = {2009B99D-C730-4B25-A0F2-D1E112D21C1A}
		{A82E2C10-A02E-4144-BAFA-7C98EAE06929} = {2009B99D-C730-4B25-A0F2-D1E112D21C1A}
	EndGlobalSection
EndGlobal
