
Microsoft Visual Studio Solution File, Format Version 12.00
# Visual Studio 2013
VisualStudioVersion = 12.0.31101.0
MinimumVisualStudioVersion = 10.0.40219.1
Project("{FAE04EC0-301F-11D3-BF4B-00C04F79EFBC}") = "OY.Theory.Shared", "OY.Theory.Shared\OY.Theory.Shared.csproj", "{492A0108-3341-4221-9C91-397078634D56}"
EndProject
Project("{FAE04EC0-301F-11D3-BF4B-00C04F79EFBC}") = "OY.Theory.Tree", "OY.Theory.Tree\OY.Theory.Tree.csproj", "{704B3DC6-54C0-4CF7-91BE-EA4A8D9A7DDB}"
EndProject
Project("{FAE04EC0-301F-11D3-BF4B-00C04F79EFBC}") = "OY.Theory.Graph", "OY.Theory.Graph\OY.Theory.Graph.csproj", "{99B028D6-663E-4A5F-B31C-9D23071B739A}"
EndProject
Project("{FAE04EC0-301F-11D3-BF4B-00C04F79EFBC}") = "OY.Theory.SimplicialComplex", "OY.Theory.SimplicialComplex\OY.Theory.SimplicialComplex.csproj", "{157239F8-9F61-4A06-A784-C69557F03B31}"
EndProject
Project("{FAE04EC0-301F-11D3-BF4B-00C04F79EFBC}") = "OY.Theory.Combinatorics", "OY.Theory.Combinatorics\OY.Theory.Combinatorics.csproj", "{99635C04-4FAC-4A59-91FF-6E09E9837E77}"
EndProject
Project("{FAE04EC0-301F-11D3-BF4B-00C04F79EFBC}") = "OY.Theory.DataStructures", "OY.Theory.DataStructures\OY.Theory.DataStructures.csproj", "{34350F20-E78C-4018-9F48-0DA83B56BDBA}"
EndProject
Global
	GlobalSection(SolutionConfigurationPlatforms) = preSolution
		Debug|Any CPU = Debug|Any CPU
		Release|Any CPU = Release|Any CPU
	EndGlobalSection
	GlobalSection(ProjectConfigurationPlatforms) = postSolution
		{492A0108-3341-4221-9C91-397078634D56}.Debug|Any CPU.ActiveCfg = Debug|Any CPU
		{492A0108-3341-4221-9C91-397078634D56}.Debug|Any CPU.Build.0 = Debug|Any CPU
		{492A0108-3341-4221-9C91-397078634D56}.Release|Any CPU.ActiveCfg = Release|Any CPU
		{492A0108-3341-4221-9C91-397078634D56}.Release|Any CPU.Build.0 = Release|Any CPU
		{704B3DC6-54C0-4CF7-91BE-EA4A8D9A7DDB}.Debug|Any CPU.ActiveCfg = Debug|Any CPU
		{704B3DC6-54C0-4CF7-91BE-EA4A8D9A7DDB}.Debug|Any CPU.Build.0 = Debug|Any CPU
		{704B3DC6-54C0-4CF7-91BE-EA4A8D9A7DDB}.Release|Any CPU.ActiveCfg = Release|Any CPU
		{704B3DC6-54C0-4CF7-91BE-EA4A8D9A7DDB}.Release|Any CPU.Build.0 = Release|Any CPU
		{99B028D6-663E-4A5F-B31C-9D23071B739A}.Debug|Any CPU.ActiveCfg = Debug|Any CPU
		{99B028D6-663E-4A5F-B31C-9D23071B739A}.Debug|Any CPU.Build.0 = Debug|Any CPU
		{99B028D6-663E-4A5F-B31C-9D23071B739A}.Release|Any CPU.ActiveCfg = Release|Any CPU
		{99B028D6-663E-4A5F-B31C-9D23071B739A}.Release|Any CPU.Build.0 = Release|Any CPU
		{157239F8-9F61-4A06-A784-C69557F03B31}.Debug|Any CPU.ActiveCfg = Debug|Any CPU
		{157239F8-9F61-4A06-A784-C69557F03B31}.Debug|Any CPU.Build.0 = Debug|Any CPU
		{157239F8-9F61-4A06-A784-C69557F03B31}.Release|Any CPU.ActiveCfg = Release|Any CPU
		{157239F8-9F61-4A06-A784-C69557F03B31}.Release|Any CPU.Build.0 = Release|Any CPU
		{99635C04-4FAC-4A59-91FF-6E09E9837E77}.Debug|Any CPU.ActiveCfg = Debug|Any CPU
		{99635C04-4FAC-4A59-91FF-6E09E9837E77}.Debug|Any CPU.Build.0 = Debug|Any CPU
		{99635C04-4FAC-4A59-91FF-6E09E9837E77}.Release|Any CPU.ActiveCfg = Release|Any CPU
		{99635C04-4FAC-4A59-91FF-6E09E9837E77}.Release|Any CPU.Build.0 = Release|Any CPU
		{34350F20-E78C-4018-9F48-0DA83B56BDBA}.Debug|Any CPU.ActiveCfg = Debug|Any CPU
		{34350F20-E78C-4018-9F48-0DA83B56BDBA}.Debug|Any CPU.Build.0 = Debug|Any CPU
		{34350F20-E78C-4018-9F48-0DA83B56BDBA}.Release|Any CPU.ActiveCfg = Release|Any CPU
		{34350F20-E78C-4018-9F48-0DA83B56BDBA}.Release|Any CPU.Build.0 = Release|Any CPU
	EndGlobalSection
	GlobalSection(SolutionProperties) = preSolution
		HideSolutionNode = FALSE
	EndGlobalSection
EndGlobal
